<?xml version="1.0" encoding="utf-8"?>
<Project ToolsVersion="4.0" xmlns="http://schemas.microsoft.com/developer/msbuild/2003">
  <ItemGroup>
    <Filter Include="Source Files">
      <UniqueIdentifier>{4FC737F1-C7A5-4376-A066-2A32D752A2FF}</UniqueIdentifier>
      <Extensions>cpp;c;cc;cxx;def;odl;idl;hpj;bat;asm;asmx</Extensions>
    </Filter>
    <Filter Include="Source Files\maths">
      <UniqueIdentifier>{c8be3dab-dba2-46bd-9e39-3a93fe4a6919}</UniqueIdentifier>
    </Filter>
    <Filter Include="Header Files">
      <UniqueIdentifier>{93995380-89BD-4b04-88EB-625FBE52EBFB}</UniqueIdentifier>
      <Extensions>h;hpp;hxx;hm;inl;inc;xsd</Extensions>
    </Filter>
    <Filter Include="Header Files\maths">
      <UniqueIdentifier>{f09b4c8d-4160-4cf8-b1fb-a86a50ac589b}</UniqueIdentifier>
    </Filter>
    <Filter Include="Header Files\Veiwing system">
      <UniqueIdentifier>{9021a5f9-8344-436c-8630-a0a20a56ed95}</UniqueIdentifier>
    </Filter>
    <Filter Include="Header Files\Scene Objects">
      <UniqueIdentifier>{7ff59812-33b5-4562-982b-85d5f6b47edb}</UniqueIdentifier>
    </Filter>
    <Filter Include="Header Files\Scene Objects\Implicit">
      <UniqueIdentifier>{347c5003-c8b7-43ac-92d5-4fde3ab93e73}</UniqueIdentifier>
    </Filter>
    <Filter Include="Header Files\Scene Objects\lights">
      <UniqueIdentifier>{92badc43-6fe9-47fe-ad5e-5ac7f7623a80}</UniqueIdentifier>
    </Filter>
    <Filter Include="Header Files\Scene Objects\models">
      <UniqueIdentifier>{91746c52-32f5-4749-8684-a1c48dcc0706}</UniqueIdentifier>
    </Filter>
    <Filter Include="Header Files\Rays">
      <UniqueIdentifier>{69b09352-da57-4165-9c6d-f65a62884064}</UniqueIdentifier>
    </Filter>
    <Filter Include="Header Files\Illumination models">
      <UniqueIdentifier>{d6b41879-f162-4d91-a54c-be6d1ba32646}</UniqueIdentifier>
    </Filter>
    <Filter Include="Resource Files">
      <UniqueIdentifier>{67DA6AB6-F800-4c08-8B7A-83BB121AAD01}</UniqueIdentifier>
      <Extensions>rc;ico;cur;bmp;dlg;rc2;rct;bin;rgs;gif;jpg;jpeg;jpe;resx;tiff;tif;png;wav</Extensions>
    </Filter>
    <Filter Include="Header Files\Output">
      <UniqueIdentifier>{5bd29a24-0a22-4d70-9b38-d70dd02ca45c}</UniqueIdentifier>
    </Filter>
    <Filter Include="Source Files\Viewing system">
      <UniqueIdentifier>{d21dc8b0-b04b-4e3c-a348-ce680de38521}</UniqueIdentifier>
    </Filter>
    <Filter Include="Source Files\Rays">
      <UniqueIdentifier>{6bcb180e-951b-42f4-8c2f-8b49ed8c6537}</UniqueIdentifier>
    </Filter>
    <Filter Include="Source Files\Scene Objects">
      <UniqueIdentifier>{fda7abb1-cd3f-456d-91bb-30800487fe81}</UniqueIdentifier>
    </Filter>
    <Filter Include="Source Files\Scene Objects\Implicit">
      <UniqueIdentifier>{f19439cd-7e78-4115-b20c-48b1d3353527}</UniqueIdentifier>
    </Filter>
    <Filter Include="Source Files\Scene Objects\lights">
      <UniqueIdentifier>{c6545895-95e6-4b09-b915-e19e1961f3b2}</UniqueIdentifier>
    </Filter>
    <Filter Include="Source Files\Scene Objects\models">
      <UniqueIdentifier>{39f12182-e5a3-49d1-a476-60ea1f9161ba}</UniqueIdentifier>
    </Filter>
    <Filter Include="Source Files\Output">
      <UniqueIdentifier>{639b743e-20ad-40ad-80b0-2366baa8d0e3}</UniqueIdentifier>
    </Filter>
    <Filter Include="Source Files\Data Structures">
      <UniqueIdentifier>{82160b9e-f52b-45b0-9ac2-a369c2118a67}</UniqueIdentifier>
    </Filter>
    <Filter Include="Header Files\Data Structures">
      <UniqueIdentifier>{0b4c95d8-e0c3-416b-8712-a2016025b7cb}</UniqueIdentifier>
    </Filter>
    <Filter Include="Source Files\Illumination models">
      <UniqueIdentifier>{767c2941-2c4c-474e-ba7b-783d774904d9}</UniqueIdentifier>
    </Filter>
  </ItemGroup>
  <ItemGroup>
    <ClCompile Include="JWRT.cpp">
      <Filter>Source Files</Filter>
    </ClCompile>
    <ClCompile Include="main.cpp">
      <Filter>Source Files</Filter>
    </ClCompile>
    <ClCompile Include="ModelSubD.cpp">
      <Filter>Source Files</Filter>
    </ClCompile>
    <ClCompile Include="Scene.cpp">
      <Filter>Source Files</Filter>
    </ClCompile>
    <ClCompile Include="Texture.cpp">
      <Filter>Source Files</Filter>
    </ClCompile>
    <ClCompile Include="TimeLine.cpp">
      <Filter>Source Files</Filter>
    </ClCompile>
    <ClCompile Include="ColourRGB.cpp">
      <Filter>Source Files\maths</Filter>
    </ClCompile>
    <ClCompile Include="Matrix4D.cpp">
      <Filter>Source Files\maths</Filter>
    </ClCompile>
    <ClCompile Include="point.cpp">
      <Filter>Source Files\maths</Filter>
    </ClCompile>
    <ClCompile Include="Vector2D.cpp">
      <Filter>Source Files\maths</Filter>
    </ClCompile>
    <ClCompile Include="Vector3D.cpp">
      <Filter>Source Files\maths</Filter>
    </ClCompile>
    <ClCompile Include="Vector4D.cpp">
      <Filter>Source Files\maths</Filter>
    </ClCompile>
    <ClCompile Include="Vertex_R.cpp">
      <Filter>Source Files\maths</Filter>
    </ClCompile>
    <ClCompile Include="Camera_Active.cpp">
      <Filter>Source Files\Viewing system</Filter>
    </ClCompile>
    <ClCompile Include="Camera_Passive.cpp">
      <Filter>Source Files\Viewing system</Filter>
    </ClCompile>
    <ClCompile Include="Ray.cpp">
      <Filter>Source Files\Rays</Filter>
    </ClCompile>
    <ClCompile Include="RaySystem.cpp">
      <Filter>Source Files\Rays</Filter>
    </ClCompile>
    <ClCompile Include="ImplicitCube.cpp">
      <Filter>Source Files\Scene Objects\Implicit</Filter>
    </ClCompile>
    <ClCompile Include="ImplicitSphere.cpp">
      <Filter>Source Files\Scene Objects\Implicit</Filter>
    </ClCompile>
    <ClCompile Include="ImplicitPlane.cpp">
      <Filter>Source Files\Scene Objects\Implicit</Filter>
    </ClCompile>
    <ClCompile Include="ImplicitShape.cpp">
      <Filter>Source Files\Scene Objects\Implicit</Filter>
    </ClCompile>
    <ClCompile Include="Light.cpp">
      <Filter>Source Files\Scene Objects\lights</Filter>
    </ClCompile>
    <ClCompile Include="LightSpot.cpp">
      <Filter>Source Files\Scene Objects\lights</Filter>
    </ClCompile>
    <ClCompile Include="LightArea.cpp">
      <Filter>Source Files\Scene Objects\lights</Filter>
    </ClCompile>
    <ClCompile Include="LightPoint.cpp">
      <Filter>Source Files\Scene Objects\lights</Filter>
    </ClCompile>
    <ClCompile Include="Model.cpp">
      <Filter>Source Files\Scene Objects\models</Filter>
    </ClCompile>
    <ClCompile Include="ModelAdv.cpp">
      <Filter>Source Files\Scene Objects\models</Filter>
    </ClCompile>
    <ClCompile Include="ModelBase.cpp">
      <Filter>Source Files\Scene Objects\models</Filter>
    </ClCompile>
    <ClCompile Include="ModelSys.cpp">
      <Filter>Source Files\Scene Objects\models</Filter>
    </ClCompile>
    <ClCompile Include="FileReader.cpp">
      <Filter>Source Files\Output</Filter>
    </ClCompile>
    <ClCompile Include="ObjReader.cpp">
      <Filter>Source Files\Output</Filter>
    </ClCompile>
    <ClCompile Include="OutputImage.cpp">
      <Filter>Source Files\Output</Filter>
    </ClCompile>
    <ClCompile Include="OutputTGA.cpp">
      <Filter>Source Files\Output</Filter>
    </ClCompile>
    <ClCompile Include="OutputWin.cpp">
      <Filter>Source Files\Output</Filter>
    </ClCompile>
    <ClCompile Include="FrameBuffer.cpp">
      <Filter>Source Files\Data Structures</Filter>
    </ClCompile>
    <ClCompile Include="Intersection.cpp">
      <Filter>Source Files\Data Structures</Filter>
    </ClCompile>
    <ClCompile Include="VertexSD.cpp">
      <Filter>Source Files\Data Structures</Filter>
    </ClCompile>
    <ClCompile Include="EdgeSD.cpp">
      <Filter>Source Files\Data Structures</Filter>
    </ClCompile>
    <ClCompile Include="FaceSD.cpp">
      <Filter>Source Files\Data Structures</Filter>
    </ClCompile>
    <ClCompile Include="Face.cpp">
      <Filter>Source Files\Data Structures</Filter>
    </ClCompile>
    <ClCompile Include="IlluminationModel.cpp">
      <Filter>Source Files\Illumination models</Filter>
    </ClCompile>
    <ClCompile Include="Material.cpp">
      <Filter>Source Files\Illumination models</Filter>
    </ClCompile>
    <ClCompile Include="MaterialLambert.cpp">
      <Filter>Source Files\Illumination models</Filter>
    </ClCompile>
    <ClCompile Include="MaterialPhong.cpp">
      <Filter>Source Files\Illumination models</Filter>
    </ClCompile>
    <ClCompile Include="ModelPhong.cpp">
      <Filter>Source Files\Illumination models</Filter>
    </ClCompile>
    <ClCompile Include="Camera.cpp">
      <Filter>Source Files\Viewing system</Filter>
    </ClCompile>
    <ClCompile Include="KeyFrame.cpp">
      <Filter>Source Files\Viewing system</Filter>
    </ClCompile>
  </ItemGroup>
  <ItemGroup>
    <ClInclude Include="JWRT.h">
      <Filter>Header Files</Filter>
    </ClInclude>
    <ClInclude Include="KeyFrame.h">
      <Filter>Header Files</Filter>
    </ClInclude>
    <ClInclude Include="TimeLine.h">
      <Filter>Header Files</Filter>
    </ClInclude>
    <ClInclude Include="ColourRGB.h">
      <Filter>Header Files\maths</Filter>
    </ClInclude>
    <ClInclude Include="matrix4d.h">
      <Filter>Header Files\maths</Filter>
    </ClInclude>
    <ClInclude Include="Vector2D.h">
      <Filter>Header Files\maths</Filter>
    </ClInclude>
    <ClInclude Include="Vector3D.h">
      <Filter>Header Files\maths</Filter>
    </ClInclude>
    <ClInclude Include="Vector4D.h">
      <Filter>Header Files\maths</Filter>
    </ClInclude>
    <ClInclude Include="Buffer.h">
      <Filter>Header Files\Data Structures</Filter>
    </ClInclude>
    <ClInclude Include="EdgeSD.h">
      <Filter>Header Files\Data Structures</Filter>
    </ClInclude>
    <ClInclude Include="Face.h">
      <Filter>Header Files\Data Structures</Filter>
    </ClInclude>
    <ClInclude Include="FaceSD.h">
      <Filter>Header Files\Data Structures</Filter>
    </ClInclude>
    <ClInclude Include="FrameBuffer.h">
      <Filter>Header Files\Data Structures</Filter>
    </ClInclude>
    <ClInclude Include="Intersection.h">
      <Filter>Header Files\Data Structures</Filter>
    </ClInclude>
    <ClInclude Include="Point.h">
      <Filter>Header Files\Data Structures</Filter>
    </ClInclude>
    <ClInclude Include="Texture.h">
      <Filter>Header Files\Data Structures</Filter>
    </ClInclude>
    <ClInclude Include="Vertex_R.h">
      <Filter>Header Files\Data Structures</Filter>
    </ClInclude>
    <ClInclude Include="VertexSD.h">
      <Filter>Header Files\Data Structures</Filter>
    </ClInclude>
    <ClInclude Include="Camera_Active.h">
      <Filter>Header Files\Veiwing system</Filter>
    </ClInclude>
    <ClInclude Include="Camera_Passive.h">
      <Filter>Header Files\Veiwing system</Filter>
    </ClInclude>
    <ClInclude Include="Scene.h">
      <Filter>Header Files\Scene Objects</Filter>
    </ClInclude>
    <ClInclude Include="ImplicitCube.h">
      <Filter>Header Files\Scene Objects\Implicit</Filter>
    </ClInclude>
    <ClInclude Include="ImplicitPlane.h">
      <Filter>Header Files\Scene Objects\Implicit</Filter>
    </ClInclude>
    <ClInclude Include="ImplicitShape.h">
      <Filter>Header Files\Scene Objects\Implicit</Filter>
    </ClInclude>
    <ClInclude Include="ImplicitSphere.h">
      <Filter>Header Files\Scene Objects\Implicit</Filter>
    </ClInclude>
    <ClInclude Include="light.h">
      <Filter>Header Files\Scene Objects\lights</Filter>
    </ClInclude>
    <ClInclude Include="LightArea.h">
      <Filter>Header Files\Scene Objects\lights</Filter>
    </ClInclude>
    <ClInclude Include="LightPoint.h">
      <Filter>Header Files\Scene Objects\lights</Filter>
    </ClInclude>
    <ClInclude Include="LightSpot.h">
      <Filter>Header Files\Scene Objects\lights</Filter>
    </ClInclude>
    <ClInclude Include="Model.h">
      <Filter>Header Files\Scene Objects\models</Filter>
    </ClInclude>
    <ClInclude Include="ModelAdv.h">
      <Filter>Header Files\Scene Objects\models</Filter>
    </ClInclude>
    <ClInclude Include="ModelBase.h">
      <Filter>Header Files\Scene Objects\models</Filter>
    </ClInclude>
    <ClInclude Include="ModelSys.h">
      <Filter>Header Files\Scene Objects\models</Filter>
    </ClInclude>
    <ClInclude Include="FileReader.h">
      <Filter>Header Files\Output</Filter>
    </ClInclude>
    <ClInclude Include="ObjReader.h">
      <Filter>Header Files\Output</Filter>
    </ClInclude>
    <ClInclude Include="OutputImage.h">
      <Filter>Header Files\Output</Filter>
    </ClInclude>
    <ClInclude Include="OutputTGA.h">
      <Filter>Header Files\Output</Filter>
    </ClInclude>
    <ClInclude Include="OutputWin.h">
      <Filter>Header Files\Output</Filter>
    </ClInclude>
    <ClInclude Include="Ray.h">
      <Filter>Header Files\Rays</Filter>
    </ClInclude>
    <ClInclude Include="RaySystem.h">
      <Filter>Header Files\Rays</Filter>
    </ClInclude>
    <ClInclude Include="IlluminationModel.h">
      <Filter>Header Files\Illumination models</Filter>
    </ClInclude>
    <ClInclude Include="Material.h">
      <Filter>Header Files\Illumination models</Filter>
    </ClInclude>
    <ClInclude Include="MaterialLambert.h">
      <Filter>Header Files\Illumination models</Filter>
    </ClInclude>
    <ClInclude Include="MaterialPhong.h">
      <Filter>Header Files\Illumination models</Filter>
    </ClInclude>
    <ClInclude Include="ModelPhong.h">
      <Filter>Header Files\Illumination models</Filter>
    </ClInclude>
    <ClInclude Include="Camera.h">
      <Filter>Header Files\Veiwing system</Filter>
    </ClInclude>
  </ItemGroup>
  <ItemGroup>
    <None Include="notes.txt" />
  </ItemGroup>
</Project>